
Microsoft Visual Studio Solution File, Format Version 12.00
# Visual Studio Version 16
VisualStudioVersion = 16.0.31702.278
MinimumVisualStudioVersion = 10.0.40219.1
Project("{FAE04EC0-301F-11D3-BF4B-00C04F79EFBC}") = "AdamGerenaProject2", "AdamGerenaProject2.csproj", "{F6C8840F-4F5B-4087-9ACE-C100CBE76964}"
EndProject
Global
	GlobalSection(SolutionConfigurationPlatforms) = preSolution
		Debug|Any CPU = Debug|Any CPU
		Release|Any CPU = Release|Any CPU
	EndGlobalSection
	GlobalSection(ProjectConfigurationPlatforms) = postSolution
		{F6C8840F-4F5B-4087-9ACE-C100CBE76964}.Debug|Any CPU.ActiveCfg = Debug|Any CPU
		{F6C8840F-4F5B-4087-9ACE-C100CBE76964}.Debug|Any CPU.Build.0 = Debug|Any CPU
		{F6C8840F-4F5B-4087-9ACE-C100CBE76964}.Release|Any CPU.ActiveCfg = Release|Any CPU
		{F6C8840F-4F5B-4087-9ACE-C100CBE76964}.Release|Any CPU.Build.0 = Release|Any CPU
	EndGlobalSection
	GlobalSection(SolutionProperties) = preSolution
		HideSolutionNode = FALSE
	EndGlobalSection
	GlobalSection(ExtensibilityGlobals) = postSolution
		SolutionGuid = {61AB5EF3-E1A4-4B11-9488-ED838AF6DFCA}
	EndGlobalSection
EndGlobal
